
Microsoft Visual Studio Solution File, Format Version 12.00
# Visual Studio Version 17
VisualStudioVersion = 17.5.33424.131
MinimumVisualStudioVersion = 10.0.40219.1
Project("{FAE04EC0-301F-11D3-BF4B-00C04F79EFBC}") = "ControleCobrancaADM", "ControleCobrancaADM\ControleCobrancaADM.csproj", "{FDF6A544-4E55-4613-8B83-B5F5742734E9}"
EndProject
Global
	GlobalSection(SolutionConfigurationPlatforms) = preSolution
		Debug|Any CPU = Debug|Any CPU
		Release|Any CPU = Release|Any CPU
	EndGlobalSection
	GlobalSection(ProjectConfigurationPlatforms) = postSolution
		{FDF6A544-4E55-4613-8B83-B5F5742734E9}.Debug|Any CPU.ActiveCfg = Debug|Any CPU
		{FDF6A544-4E55-4613-8B83-B5F5742734E9}.Debug|Any CPU.Build.0 = Debug|Any CPU
		{FDF6A544-4E55-4613-8B83-B5F5742734E9}.Release|Any CPU.ActiveCfg = Release|Any CPU
		{FDF6A544-4E55-4613-8B83-B5F5742734E9}.Release|Any CPU.Build.0 = Release|Any CPU
	EndGlobalSection
	GlobalSection(SolutionProperties) = preSolution
		HideSolutionNode = FALSE
	EndGlobalSection
	GlobalSection(ExtensibilityGlobals) = postSolution
		SolutionGuid = {AF6CA550-4F43-4A44-98B7-7F7B63923CEC}
	EndGlobalSection
EndGlobal
